// !$*UTF8*$!
{
	archiveVersion = 1;
	classes = {
	};
	objectVersion = 50;
	objects = {

/* Begin PBXBuildFile section */
		1844215F228FFEB80031E6FB /* UICollectionViewExt.swift in Sources */ = {isa = PBXBuildFile; fileRef = 1844215E228FFEB80031E6FB /* UICollectionViewExt.swift */; };
		18442162228FFFFA0031E6FB /* GTViewBuild.swift in Sources */ = {isa = PBXBuildFile; fileRef = 18442161228FFFFA0031E6FB /* GTViewBuild.swift */; };
		18442165229003860031E6FB /* HomeTopView.swift in Sources */ = {isa = PBXBuildFile; fileRef = 18442164229003860031E6FB /* HomeTopView.swift */; };
		18442167229005BD0031E6FB /* GTDevice.swift in Sources */ = {isa = PBXBuildFile; fileRef = 18442166229005BD0031E6FB /* GTDevice.swift */; };
		1844216922924F470031E6FB /* HomeTopCell.swift in Sources */ = {isa = PBXBuildFile; fileRef = 1844216822924F470031E6FB /* HomeTopCell.swift */; };
		1844216B22928EC40031E6FB /* HomePageViewCell.swift in Sources */ = {isa = PBXBuildFile; fileRef = 1844216A22928EC40031E6FB /* HomePageViewCell.swift */; };
		1844216D22929A700031E6FB /* NSObjectExt.swift in Sources */ = {isa = PBXBuildFile; fileRef = 1844216C22929A700031E6FB /* NSObjectExt.swift */; };
		184421702293CB980031E6FB /* NetworkProvider.swift in Sources */ = {isa = PBXBuildFile; fileRef = 1844216F2293CB980031E6FB /* NetworkProvider.swift */; };
		184421722293CC3D0031E6FB /* NetworkLoggger.swift in Sources */ = {isa = PBXBuildFile; fileRef = 184421712293CC3D0031E6FB /* NetworkLoggger.swift */; };
		184421742293CC960031E6FB /* AppConfig.swift in Sources */ = {isa = PBXBuildFile; fileRef = 184421732293CC960031E6FB /* AppConfig.swift */; };
		184421762293CCDD0031E6FB /* APIContext.swift in Sources */ = {isa = PBXBuildFile; fileRef = 184421752293CCDD0031E6FB /* APIContext.swift */; };
		184421782293CD970031E6FB /* NetworkDecode.swift in Sources */ = {isa = PBXBuildFile; fileRef = 184421772293CD970031E6FB /* NetworkDecode.swift */; };
		1844217A2293CDCB0031E6FB /* NetWorkServerErrorFilter.swift in Sources */ = {isa = PBXBuildFile; fileRef = 184421792293CDCB0031E6FB /* NetWorkServerErrorFilter.swift */; };
		186C6433227689E900FF918D /* AppDelegate.swift in Sources */ = {isa = PBXBuildFile; fileRef = 186C6432227689E900FF918D /* AppDelegate.swift */; };
		186C6435227689E900FF918D /* ViewController.swift in Sources */ = {isa = PBXBuildFile; fileRef = 186C6434227689E900FF918D /* ViewController.swift */; };
		186C643A227689EA00FF918D /* Assets.xcassets in Resources */ = {isa = PBXBuildFile; fileRef = 186C6439227689EA00FF918D /* Assets.xcassets */; };
		186C6448227689EB00FF918D /* pronhubTests.swift in Sources */ = {isa = PBXBuildFile; fileRef = 186C6447227689EB00FF918D /* pronhubTests.swift */; };
		186C6453227689EB00FF918D /* pronhubUITests.swift in Sources */ = {isa = PBXBuildFile; fileRef = 186C6452227689EB00FF918D /* pronhubUITests.swift */; };
		186C64622276C8F400FF918D /* StartupCommandsBuilder.swift in Sources */ = {isa = PBXBuildFile; fileRef = 186C64602276C8F300FF918D /* StartupCommandsBuilder.swift */; };
		186C64632276C8F400FF918D /* AppLifecycleMediator.swift in Sources */ = {isa = PBXBuildFile; fileRef = 186C64612276C8F300FF918D /* AppLifecycleMediator.swift */; };
		188208AC2276D331002C0C6A /* AppRootNode.swift in Sources */ = {isa = PBXBuildFile; fileRef = 188208AB2276D331002C0C6A /* AppRootNode.swift */; };
		189325FA228BAC49000C7DA5 /* Images.xcassets in Resources */ = {isa = PBXBuildFile; fileRef = 189325F9228BAC49000C7DA5 /* Images.xcassets */; };
		189325FE228BAEFF000C7DA5 /* HomeViewController.swift in Sources */ = {isa = PBXBuildFile; fileRef = 189325FD228BAEFF000C7DA5 /* HomeViewController.swift */; };
		18932600228BAF25000C7DA5 /* MineViewController.swift in Sources */ = {isa = PBXBuildFile; fileRef = 189325FF228BAF25000C7DA5 /* MineViewController.swift */; };
		18932604228BB6B6000C7DA5 /* UIColorExt.swift in Sources */ = {isa = PBXBuildFile; fileRef = 18932603228BB6B6000C7DA5 /* UIColorExt.swift */; };
		18932606228BB72F000C7DA5 /* GTBase.swift in Sources */ = {isa = PBXBuildFile; fileRef = 18932605228BB72F000C7DA5 /* GTBase.swift */; };
		18932609228C1462000C7DA5 /* AppThemeConfig.swift in Sources */ = {isa = PBXBuildFile; fileRef = 18932608228C1462000C7DA5 /* AppThemeConfig.swift */; };
		1893260B228C14E6000C7DA5 /* IntExt.swift in Sources */ = {isa = PBXBuildFile; fileRef = 1893260A228C14E6000C7DA5 /* IntExt.swift */; };
		1893260D228D67CB000C7DA5 /* GTTabbarConfig.swift in Sources */ = {isa = PBXBuildFile; fileRef = 1893260C228D67CB000C7DA5 /* GTTabbarConfig.swift */; };
		18FE1A2C228716D600E84EC4 /* GTTabbarController.swift in Sources */ = {isa = PBXBuildFile; fileRef = 18FE1A2B228716D600E84EC4 /* GTTabbarController.swift */; };
		18FE1A2E2287175700E84EC4 /* GTTabbar.swift in Sources */ = {isa = PBXBuildFile; fileRef = 18FE1A2D2287175700E84EC4 /* GTTabbar.swift */; };
		18FE1A30228717DD00E84EC4 /* GTTabbarItem.swift in Sources */ = {isa = PBXBuildFile; fileRef = 18FE1A2F228717DD00E84EC4 /* GTTabbarItem.swift */; };
		A2C68F24F1EF5061F79FAC0B /* Pods_pronhub.framework in Frameworks */ = {isa = PBXBuildFile; fileRef = 516D906C5B05FEDDA1C54367 /* Pods_pronhub.framework */; };
/* End PBXBuildFile section */

/* Begin PBXContainerItemProxy section */
		186C6444227689EB00FF918D /* PBXContainerItemProxy */ = {
			isa = PBXContainerItemProxy;
			containerPortal = 186C6427227689E900FF918D /* Project object */;
			proxyType = 1;
			remoteGlobalIDString = 186C642E227689E900FF918D;
			remoteInfo = pronhub;
		};
		186C644F227689EB00FF918D /* PBXContainerItemProxy */ = {
			isa = PBXContainerItemProxy;
			containerPortal = 186C6427227689E900FF918D /* Project object */;
			proxyType = 1;
			remoteGlobalIDString = 186C642E227689E900FF918D;
			remoteInfo = pronhub;
		};
/* End PBXContainerItemProxy section */

/* Begin PBXFileReference section */
		11F7F56205D2A2208E01A426 /* Pods-pronhub.debug.xcconfig */ = {isa = PBXFileReference; includeInIndex = 1; lastKnownFileType = text.xcconfig; name = "Pods-pronhub.debug.xcconfig"; path = "Target Support Files/Pods-pronhub/Pods-pronhub.debug.xcconfig"; sourceTree = "<group>"; };
		1844215E228FFEB80031E6FB /* UICollectionViewExt.swift */ = {isa = PBXFileReference; lastKnownFileType = sourcecode.swift; path = UICollectionViewExt.swift; sourceTree = "<group>"; };
		18442161228FFFFA0031E6FB /* GTViewBuild.swift */ = {isa = PBXFileReference; lastKnownFileType = sourcecode.swift; path = GTViewBuild.swift; sourceTree = "<group>"; };
		18442164229003860031E6FB /* HomeTopView.swift */ = {isa = PBXFileReference; lastKnownFileType = sourcecode.swift; path = HomeTopView.swift; sourceTree = "<group>"; };
		18442166229005BD0031E6FB /* GTDevice.swift */ = {isa = PBXFileReference; lastKnownFileType = sourcecode.swift; path = GTDevice.swift; sourceTree = "<group>"; };
		1844216822924F470031E6FB /* HomeTopCell.swift */ = {isa = PBXFileReference; lastKnownFileType = sourcecode.swift; path = HomeTopCell.swift; sourceTree = "<group>"; };
		1844216A22928EC40031E6FB /* HomePageViewCell.swift */ = {isa = PBXFileReference; lastKnownFileType = sourcecode.swift; path = HomePageViewCell.swift; sourceTree = "<group>"; };
		1844216C22929A700031E6FB /* NSObjectExt.swift */ = {isa = PBXFileReference; lastKnownFileType = sourcecode.swift; path = NSObjectExt.swift; sourceTree = "<group>"; };
		1844216F2293CB980031E6FB /* NetworkProvider.swift */ = {isa = PBXFileReference; lastKnownFileType = sourcecode.swift; path = NetworkProvider.swift; sourceTree = "<group>"; };
		184421712293CC3D0031E6FB /* NetworkLoggger.swift */ = {isa = PBXFileReference; lastKnownFileType = sourcecode.swift; path = NetworkLoggger.swift; sourceTree = "<group>"; };
		184421732293CC960031E6FB /* AppConfig.swift */ = {isa = PBXFileReference; lastKnownFileType = sourcecode.swift; path = AppConfig.swift; sourceTree = "<group>"; };
		184421752293CCDD0031E6FB /* APIContext.swift */ = {isa = PBXFileReference; lastKnownFileType = sourcecode.swift; path = APIContext.swift; sourceTree = "<group>"; };
		184421772293CD970031E6FB /* NetworkDecode.swift */ = {isa = PBXFileReference; lastKnownFileType = sourcecode.swift; path = NetworkDecode.swift; sourceTree = "<group>"; };
		184421792293CDCB0031E6FB /* NetWorkServerErrorFilter.swift */ = {isa = PBXFileReference; lastKnownFileType = sourcecode.swift; path = NetWorkServerErrorFilter.swift; sourceTree = "<group>"; };
		186C642F227689E900FF918D /* pronhub.app */ = {isa = PBXFileReference; explicitFileType = wrapper.application; includeInIndex = 0; path = pronhub.app; sourceTree = BUILT_PRODUCTS_DIR; };
		186C6432227689E900FF918D /* AppDelegate.swift */ = {isa = PBXFileReference; lastKnownFileType = sourcecode.swift; path = AppDelegate.swift; sourceTree = "<group>"; };
		186C6434227689E900FF918D /* ViewController.swift */ = {isa = PBXFileReference; lastKnownFileType = sourcecode.swift; path = ViewController.swift; sourceTree = "<group>"; };
		186C6439227689EA00FF918D /* Assets.xcassets */ = {isa = PBXFileReference; lastKnownFileType = folder.assetcatalog; path = Assets.xcassets; sourceTree = "<group>"; };
		186C643E227689EA00FF918D /* Info.plist */ = {isa = PBXFileReference; lastKnownFileType = text.plist.xml; path = Info.plist; sourceTree = "<group>"; };
		186C6443227689EB00FF918D /* pronhubTests.xctest */ = {isa = PBXFileReference; explicitFileType = wrapper.cfbundle; includeInIndex = 0; path = pronhubTests.xctest; sourceTree = BUILT_PRODUCTS_DIR; };
		186C6447227689EB00FF918D /* pronhubTests.swift */ = {isa = PBXFileReference; lastKnownFileType = sourcecode.swift; path = pronhubTests.swift; sourceTree = "<group>"; };
		186C6449227689EB00FF918D /* Info.plist */ = {isa = PBXFileReference; lastKnownFileType = text.plist.xml; path = Info.plist; sourceTree = "<group>"; };
		186C644E227689EB00FF918D /* pronhubUITests.xctest */ = {isa = PBXFileReference; explicitFileType = wrapper.cfbundle; includeInIndex = 0; path = pronhubUITests.xctest; sourceTree = BUILT_PRODUCTS_DIR; };
		186C6452227689EB00FF918D /* pronhubUITests.swift */ = {isa = PBXFileReference; lastKnownFileType = sourcecode.swift; path = pronhubUITests.swift; sourceTree = "<group>"; };
		186C6454227689EB00FF918D /* Info.plist */ = {isa = PBXFileReference; lastKnownFileType = text.plist.xml; path = Info.plist; sourceTree = "<group>"; };
		186C64602276C8F300FF918D /* StartupCommandsBuilder.swift */ = {isa = PBXFileReference; fileEncoding = 4; lastKnownFileType = sourcecode.swift; path = StartupCommandsBuilder.swift; sourceTree = "<group>"; };
		186C64612276C8F300FF918D /* AppLifecycleMediator.swift */ = {isa = PBXFileReference; fileEncoding = 4; lastKnownFileType = sourcecode.swift; path = AppLifecycleMediator.swift; sourceTree = "<group>"; };
		188208AB2276D331002C0C6A /* AppRootNode.swift */ = {isa = PBXFileReference; lastKnownFileType = sourcecode.swift; path = AppRootNode.swift; sourceTree = "<group>"; };
		189325F9228BAC49000C7DA5 /* Images.xcassets */ = {isa = PBXFileReference; lastKnownFileType = folder.assetcatalog; path = Images.xcassets; sourceTree = "<group>"; };
		189325FD228BAEFF000C7DA5 /* HomeViewController.swift */ = {isa = PBXFileReference; lastKnownFileType = sourcecode.swift; path = HomeViewController.swift; sourceTree = "<group>"; };
		189325FF228BAF25000C7DA5 /* MineViewController.swift */ = {isa = PBXFileReference; lastKnownFileType = sourcecode.swift; path = MineViewController.swift; sourceTree = "<group>"; };
		18932603228BB6B6000C7DA5 /* UIColorExt.swift */ = {isa = PBXFileReference; lastKnownFileType = sourcecode.swift; path = UIColorExt.swift; sourceTree = "<group>"; };
		18932605228BB72F000C7DA5 /* GTBase.swift */ = {isa = PBXFileReference; lastKnownFileType = sourcecode.swift; path = GTBase.swift; sourceTree = "<group>"; };
		18932608228C1462000C7DA5 /* AppThemeConfig.swift */ = {isa = PBXFileReference; lastKnownFileType = sourcecode.swift; path = AppThemeConfig.swift; sourceTree = "<group>"; };
		1893260A228C14E6000C7DA5 /* IntExt.swift */ = {isa = PBXFileReference; lastKnownFileType = sourcecode.swift; path = IntExt.swift; sourceTree = "<group>"; };
		1893260C228D67CB000C7DA5 /* GTTabbarConfig.swift */ = {isa = PBXFileReference; lastKnownFileType = sourcecode.swift; path = GTTabbarConfig.swift; sourceTree = "<group>"; };
		18FE1A2B228716D600E84EC4 /* GTTabbarController.swift */ = {isa = PBXFileReference; lastKnownFileType = sourcecode.swift; path = GTTabbarController.swift; sourceTree = "<group>"; };
		18FE1A2D2287175700E84EC4 /* GTTabbar.swift */ = {isa = PBXFileReference; lastKnownFileType = sourcecode.swift; path = GTTabbar.swift; sourceTree = "<group>"; };
		18FE1A2F228717DD00E84EC4 /* GTTabbarItem.swift */ = {isa = PBXFileReference; lastKnownFileType = sourcecode.swift; path = GTTabbarItem.swift; sourceTree = "<group>"; };
		516D906C5B05FEDDA1C54367 /* Pods_pronhub.framework */ = {isa = PBXFileReference; explicitFileType = wrapper.framework; includeInIndex = 0; path = Pods_pronhub.framework; sourceTree = BUILT_PRODUCTS_DIR; };
		9E3A01C28534067A77CC360C /* Pods-pronhub.release.xcconfig */ = {isa = PBXFileReference; includeInIndex = 1; lastKnownFileType = text.xcconfig; name = "Pods-pronhub.release.xcconfig"; path = "Target Support Files/Pods-pronhub/Pods-pronhub.release.xcconfig"; sourceTree = "<group>"; };
/* End PBXFileReference section */

/* Begin PBXFrameworksBuildPhase section */
		186C642C227689E900FF918D /* Frameworks */ = {
			isa = PBXFrameworksBuildPhase;
			buildActionMask = 2147483647;
			files = (
				A2C68F24F1EF5061F79FAC0B /* Pods_pronhub.framework in Frameworks */,
			);
			runOnlyForDeploymentPostprocessing = 0;
		};
		186C6440227689EB00FF918D /* Frameworks */ = {
			isa = PBXFrameworksBuildPhase;
			buildActionMask = 2147483647;
			files = (
			);
			runOnlyForDeploymentPostprocessing = 0;
		};
		186C644B227689EB00FF918D /* Frameworks */ = {
			isa = PBXFrameworksBuildPhase;
			buildActionMask = 2147483647;
			files = (
			);
			runOnlyForDeploymentPostprocessing = 0;
		};
/* End PBXFrameworksBuildPhase section */

/* Begin PBXGroup section */
		074C5F1C1547B58882FDDD2C /* Frameworks */ = {
			isa = PBXGroup;
			children = (
				516D906C5B05FEDDA1C54367 /* Pods_pronhub.framework */,
			);
			name = Frameworks;
			sourceTree = "<group>";
		};
		1844215D228FDDDB0031E6FB /* found */ = {
			isa = PBXGroup;
			children = (
			);
			path = found;
			sourceTree = "<group>";
		};
		18442160228FFF790031E6FB /* base */ = {
			isa = PBXGroup;
			children = (
				18442161228FFFFA0031E6FB /* GTViewBuild.swift */,
			);
			path = base;
			sourceTree = "<group>";
		};
		18442163229003340031E6FB /* view */ = {
			isa = PBXGroup;
			children = (
				18442164229003860031E6FB /* HomeTopView.swift */,
				1844216822924F470031E6FB /* HomeTopCell.swift */,
				1844216A22928EC40031E6FB /* HomePageViewCell.swift */,
			);
			path = view;
			sourceTree = "<group>";
		};
		1844216E2293CB220031E6FB /* network */ = {
			isa = PBXGroup;
			children = (
				1844216F2293CB980031E6FB /* NetworkProvider.swift */,
				184421712293CC3D0031E6FB /* NetworkLoggger.swift */,
				184421752293CCDD0031E6FB /* APIContext.swift */,
				184421772293CD970031E6FB /* NetworkDecode.swift */,
				184421792293CDCB0031E6FB /* NetWorkServerErrorFilter.swift */,
			);
			path = network;
			sourceTree = "<group>";
		};
		186C6426227689E900FF918D = {
			isa = PBXGroup;
			children = (
				186C6431227689E900FF918D /* pronhub */,
				186C6446227689EB00FF918D /* pronhubTests */,
				186C6451227689EB00FF918D /* pronhubUITests */,
				186C6430227689E900FF918D /* Products */,
				B674DFD054B1F56BCF06CE65 /* Pods */,
				074C5F1C1547B58882FDDD2C /* Frameworks */,
			);
			sourceTree = "<group>";
		};
		186C6430227689E900FF918D /* Products */ = {
			isa = PBXGroup;
			children = (
				186C642F227689E900FF918D /* pronhub.app */,
				186C6443227689EB00FF918D /* pronhubTests.xctest */,
				186C644E227689EB00FF918D /* pronhubUITests.xctest */,
			);
			name = Products;
			sourceTree = "<group>";
		};
		186C6431227689E900FF918D /* pronhub */ = {
			isa = PBXGroup;
			children = (
				1844216E2293CB220031E6FB /* network */,
				18932607228C1442000C7DA5 /* theme */,
				18932601228BB676000C7DA5 /* vender */,
				189325FC228BAECE000C7DA5 /* mine */,
				189325FB228BAEC5000C7DA5 /* home */,
				1844215D228FDDDB0031E6FB /* found */,
				18FE1A2A228716A300E84EC4 /* tab */,
				186C64612276C8F300FF918D /* AppLifecycleMediator.swift */,
				186C64602276C8F300FF918D /* StartupCommandsBuilder.swift */,
				186C6432227689E900FF918D /* AppDelegate.swift */,
				184421732293CC960031E6FB /* AppConfig.swift */,
				186C6434227689E900FF918D /* ViewController.swift */,
				186C6439227689EA00FF918D /* Assets.xcassets */,
				186C643E227689EA00FF918D /* Info.plist */,
				188208AB2276D331002C0C6A /* AppRootNode.swift */,
				189325F9228BAC49000C7DA5 /* Images.xcassets */,
			);
			path = pronhub;
			sourceTree = "<group>";
		};
		186C6446227689EB00FF918D /* pronhubTests */ = {
			isa = PBXGroup;
			children = (
				186C6447227689EB00FF918D /* pronhubTests.swift */,
				186C6449227689EB00FF918D /* Info.plist */,
			);
			path = pronhubTests;
			sourceTree = "<group>";
		};
		186C6451227689EB00FF918D /* pronhubUITests */ = {
			isa = PBXGroup;
			children = (
				186C6452227689EB00FF918D /* pronhubUITests.swift */,
				186C6454227689EB00FF918D /* Info.plist */,
			);
			path = pronhubUITests;
			sourceTree = "<group>";
		};
		189325FB228BAEC5000C7DA5 /* home */ = {
			isa = PBXGroup;
			children = (
				18442163229003340031E6FB /* view */,
				189325FD228BAEFF000C7DA5 /* HomeViewController.swift */,
			);
			path = home;
			sourceTree = "<group>";
		};
		189325FC228BAECE000C7DA5 /* mine */ = {
			isa = PBXGroup;
			children = (
				189325FF228BAF25000C7DA5 /* MineViewController.swift */,
			);
			path = mine;
			sourceTree = "<group>";
		};
		18932601228BB676000C7DA5 /* vender */ = {
			isa = PBXGroup;
			children = (
				18442160228FFF790031E6FB /* base */,
				18932602228BB696000C7DA5 /* utl */,
			);
			path = vender;
			sourceTree = "<group>";
		};
		18932602228BB696000C7DA5 /* utl */ = {
			isa = PBXGroup;
			children = (
				18932603228BB6B6000C7DA5 /* UIColorExt.swift */,
				18932605228BB72F000C7DA5 /* GTBase.swift */,
				1893260A228C14E6000C7DA5 /* IntExt.swift */,
				1844215E228FFEB80031E6FB /* UICollectionViewExt.swift */,
				18442166229005BD0031E6FB /* GTDevice.swift */,
				1844216C22929A700031E6FB /* NSObjectExt.swift */,
			);
			path = utl;
			sourceTree = "<group>";
		};
		18932607228C1442000C7DA5 /* theme */ = {
			isa = PBXGroup;
			children = (
				18932608228C1462000C7DA5 /* AppThemeConfig.swift */,
			);
			path = theme;
			sourceTree = "<group>";
		};
		18FE1A2A228716A300E84EC4 /* tab */ = {
			isa = PBXGroup;
			children = (
				18FE1A2B228716D600E84EC4 /* GTTabbarController.swift */,
				18FE1A2D2287175700E84EC4 /* GTTabbar.swift */,
				18FE1A2F228717DD00E84EC4 /* GTTabbarItem.swift */,
				1893260C228D67CB000C7DA5 /* GTTabbarConfig.swift */,
			);
			path = tab;
			sourceTree = "<group>";
		};
		B674DFD054B1F56BCF06CE65 /* Pods */ = {
			isa = PBXGroup;
			children = (
				11F7F56205D2A2208E01A426 /* Pods-pronhub.debug.xcconfig */,
				9E3A01C28534067A77CC360C /* Pods-pronhub.release.xcconfig */,
			);
			path = Pods;
			sourceTree = "<group>";
		};
/* End PBXGroup section */

/* Begin PBXNativeTarget section */
		186C642E227689E900FF918D /* pronhub */ = {
			isa = PBXNativeTarget;
			buildConfigurationList = 186C6457227689EB00FF918D /* Build configuration list for PBXNativeTarget "pronhub" */;
			buildPhases = (
				B78138A526B03DA76F30237B /* [CP] Check Pods Manifest.lock */,
				186C642B227689E900FF918D /* Sources */,
				186C642C227689E900FF918D /* Frameworks */,
				186C642D227689E900FF918D /* Resources */,
				8F2A1CFDF39583A281F8FF62 /* [CP] Embed Pods Frameworks */,
			);
			buildRules = (
			);
			dependencies = (
			);
			name = pronhub;
			productName = pronhub;
			productReference = 186C642F227689E900FF918D /* pronhub.app */;
			productType = "com.apple.product-type.application";
		};
		186C6442227689EB00FF918D /* pronhubTests */ = {
			isa = PBXNativeTarget;
			buildConfigurationList = 186C645A227689EB00FF918D /* Build configuration list for PBXNativeTarget "pronhubTests" */;
			buildPhases = (
				186C643F227689EB00FF918D /* Sources */,
				186C6440227689EB00FF918D /* Frameworks */,
				186C6441227689EB00FF918D /* Resources */,
			);
			buildRules = (
			);
			dependencies = (
				186C6445227689EB00FF918D /* PBXTargetDependency */,
			);
			name = pronhubTests;
			productName = pronhubTests;
			productReference = 186C6443227689EB00FF918D /* pronhubTests.xctest */;
			productType = "com.apple.product-type.bundle.unit-test";
		};
		186C644D227689EB00FF918D /* pronhubUITests */ = {
			isa = PBXNativeTarget;
			buildConfigurationList = 186C645D227689EB00FF918D /* Build configuration list for PBXNativeTarget "pronhubUITests" */;
			buildPhases = (
				186C644A227689EB00FF918D /* Sources */,
				186C644B227689EB00FF918D /* Frameworks */,
				186C644C227689EB00FF918D /* Resources */,
			);
			buildRules = (
			);
			dependencies = (
				186C6450227689EB00FF918D /* PBXTargetDependency */,
			);
			name = pronhubUITests;
			productName = pronhubUITests;
			productReference = 186C644E227689EB00FF918D /* pronhubUITests.xctest */;
			productType = "com.apple.product-type.bundle.ui-testing";
		};
/* End PBXNativeTarget section */

/* Begin PBXProject section */
		186C6427227689E900FF918D /* Project object */ = {
			isa = PBXProject;
			attributes = {
				LastSwiftUpdateCheck = 1010;
				LastUpgradeCheck = 1010;
				ORGANIZATIONNAME = laofeng;
				TargetAttributes = {
					186C642E227689E900FF918D = {
						CreatedOnToolsVersion = 10.1;
					};
					186C6442227689EB00FF918D = {
						CreatedOnToolsVersion = 10.1;
						TestTargetID = 186C642E227689E900FF918D;
					};
					186C644D227689EB00FF918D = {
						CreatedOnToolsVersion = 10.1;
						TestTargetID = 186C642E227689E900FF918D;
					};
				};
			};
			buildConfigurationList = 186C642A227689E900FF918D /* Build configuration list for PBXProject "pronhub" */;
			compatibilityVersion = "Xcode 9.3";
			developmentRegion = en;
			hasScannedForEncodings = 0;
			knownRegions = (
				en,
				Base,
			);
			mainGroup = 186C6426227689E900FF918D;
			productRefGroup = 186C6430227689E900FF918D /* Products */;
			projectDirPath = "";
			projectRoot = "";
			targets = (
				186C642E227689E900FF918D /* pronhub */,
				186C6442227689EB00FF918D /* pronhubTests */,
				186C644D227689EB00FF918D /* pronhubUITests */,
			);
		};
/* End PBXProject section */

/* Begin PBXResourcesBuildPhase section */
		186C642D227689E900FF918D /* Resources */ = {
			isa = PBXResourcesBuildPhase;
			buildActionMask = 2147483647;
			files = (
				186C643A227689EA00FF918D /* Assets.xcassets in Resources */,
				189325FA228BAC49000C7DA5 /* Images.xcassets in Resources */,
			);
			runOnlyForDeploymentPostprocessing = 0;
		};
		186C6441227689EB00FF918D /* Resources */ = {
			isa = PBXResourcesBuildPhase;
			buildActionMask = 2147483647;
			files = (
			);
			runOnlyForDeploymentPostprocessing = 0;
		};
		186C644C227689EB00FF918D /* Resources */ = {
			isa = PBXResourcesBuildPhase;
			buildActionMask = 2147483647;
			files = (
			);
			runOnlyForDeploymentPostprocessing = 0;
		};
/* End PBXResourcesBuildPhase section */

/* Begin PBXShellScriptBuildPhase section */
		8F2A1CFDF39583A281F8FF62 /* [CP] Embed Pods Frameworks */ = {
			isa = PBXShellScriptBuildPhase;
			buildActionMask = 2147483647;
			files = (
			);
			inputFileListPaths = (
			);
			inputPaths = (
				"${PODS_ROOT}/Target Support Files/Pods-pronhub/Pods-pronhub-frameworks.sh",
				"${BUILT_PRODUCTS_DIR}/Alamofire/Alamofire.framework",
				"${BUILT_PRODUCTS_DIR}/CodableAlamofire/CodableAlamofire.framework",
				"${BUILT_PRODUCTS_DIR}/DefaultsKit/DefaultsKit.framework",
				"${BUILT_PRODUCTS_DIR}/Device/Device.framework",
				"${BUILT_PRODUCTS_DIR}/Differentiator/Differentiator.framework",
				"${BUILT_PRODUCTS_DIR}/FDFullscreenPopGesture/FDFullscreenPopGesture.framework",
				"${BUILT_PRODUCTS_DIR}/Kingfisher/Kingfisher.framework",
				"${BUILT_PRODUCTS_DIR}/MBProgressHUD/MBProgressHUD.framework",
				"${BUILT_PRODUCTS_DIR}/Moya/Moya.framework",
				"${BUILT_PRODUCTS_DIR}/NSObject+Rx/NSObject_Rx.framework",
				"${BUILT_PRODUCTS_DIR}/Result/Result.framework",
				"${BUILT_PRODUCTS_DIR}/RxAtomic/RxAtomic.framework",
				"${BUILT_PRODUCTS_DIR}/RxCocoa/RxCocoa.framework",
				"${BUILT_PRODUCTS_DIR}/RxDataSources/RxDataSources.framework",
				"${BUILT_PRODUCTS_DIR}/RxFeedback/RxFeedback.framework",
				"${BUILT_PRODUCTS_DIR}/RxSwift/RxSwift.framework",
				"${BUILT_PRODUCTS_DIR}/SnapKit/SnapKit.framework",
				"${BUILT_PRODUCTS_DIR}/Then/Then.framework",
			);
			name = "[CP] Embed Pods Frameworks";
			outputFileListPaths = (
			);
			outputPaths = (
				"${TARGET_BUILD_DIR}/${FRAMEWORKS_FOLDER_PATH}/Alamofire.framework",
				"${TARGET_BUILD_DIR}/${FRAMEWORKS_FOLDER_PATH}/CodableAlamofire.framework",
				"${TARGET_BUILD_DIR}/${FRAMEWORKS_FOLDER_PATH}/DefaultsKit.framework",
				"${TARGET_BUILD_DIR}/${FRAMEWORKS_FOLDER_PATH}/Device.framework",
				"${TARGET_BUILD_DIR}/${FRAMEWORKS_FOLDER_PATH}/Differentiator.framework",
				"${TARGET_BUILD_DIR}/${FRAMEWORKS_FOLDER_PATH}/FDFullscreenPopGesture.framework",
				"${TARGET_BUILD_DIR}/${FRAMEWORKS_FOLDER_PATH}/Kingfisher.framework",
				"${TARGET_BUILD_DIR}/${FRAMEWORKS_FOLDER_PATH}/MBProgressHUD.framework",
				"${TARGET_BUILD_DIR}/${FRAMEWORKS_FOLDER_PATH}/Moya.framework",
				"${TARGET_BUILD_DIR}/${FRAMEWORKS_FOLDER_PATH}/NSObject_Rx.framework",
				"${TARGET_BUILD_DIR}/${FRAMEWORKS_FOLDER_PATH}/Result.framework",
				"${TARGET_BUILD_DIR}/${FRAMEWORKS_FOLDER_PATH}/RxAtomic.framework",
				"${TARGET_BUILD_DIR}/${FRAMEWORKS_FOLDER_PATH}/RxCocoa.framework",
				"${TARGET_BUILD_DIR}/${FRAMEWORKS_FOLDER_PATH}/RxDataSources.framework",
				"${TARGET_BUILD_DIR}/${FRAMEWORKS_FOLDER_PATH}/RxFeedback.framework",
				"${TARGET_BUILD_DIR}/${FRAMEWORKS_FOLDER_PATH}/RxSwift.framework",
				"${TARGET_BUILD_DIR}/${FRAMEWORKS_FOLDER_PATH}/SnapKit.framework",
				"${TARGET_BUILD_DIR}/${FRAMEWORKS_FOLDER_PATH}/Then.framework",
			);
			runOnlyForDeploymentPostprocessing = 0;
			shellPath = /bin/sh;
			shellScript = "\"${PODS_ROOT}/Target Support Files/Pods-pronhub/Pods-pronhub-frameworks.sh\"\n";
			showEnvVarsInLog = 0;
		};
		B78138A526B03DA76F30237B /* [CP] Check Pods Manifest.lock */ = {
			isa = PBXShellScriptBuildPhase;
			buildActionMask = 2147483647;
			files = (
			);
			inputFileListPaths = (
			);
			inputPaths = (
				"${PODS_PODFILE_DIR_PATH}/Podfile.lock",
				"${PODS_ROOT}/Manifest.lock",
			);
			name = "[CP] Check Pods Manifest.lock";
			outputFileListPaths = (
			);
			outputPaths = (
				"$(DERIVED_FILE_DIR)/Pods-pronhub-checkManifestLockResult.txt",
			);
			runOnlyForDeploymentPostprocessing = 0;
			shellPath = /bin/sh;
			shellScript = "diff \"${PODS_PODFILE_DIR_PATH}/Podfile.lock\" \"${PODS_ROOT}/Manifest.lock\" > /dev/null\nif [ $? != 0 ] ; then\n    # print error to STDERR\n    echo \"error: The sandbox is not in sync with the Podfile.lock. Run 'pod install' or update your CocoaPods installation.\" >&2\n    exit 1\nfi\n# This output is used by Xcode 'outputs' to avoid re-running this script phase.\necho \"SUCCESS\" > \"${SCRIPT_OUTPUT_FILE_0}\"\n";
			showEnvVarsInLog = 0;
		};
/* End PBXShellScriptBuildPhase section */

/* Begin PBXSourcesBuildPhase section */
		186C642B227689E900FF918D /* Sources */ = {
			isa = PBXSourcesBuildPhase;
			buildActionMask = 2147483647;
			files = (
				184421762293CCDD0031E6FB /* APIContext.swift in Sources */,
				1844216B22928EC40031E6FB /* HomePageViewCell.swift in Sources */,
				184421742293CC960031E6FB /* AppConfig.swift in Sources */,
				1893260D228D67CB000C7DA5 /* GTTabbarConfig.swift in Sources */,
				18442162228FFFFA0031E6FB /* GTViewBuild.swift in Sources */,
				186C64622276C8F400FF918D /* StartupCommandsBuilder.swift in Sources */,
				184421702293CB980031E6FB /* NetworkProvider.swift in Sources */,
				18442165229003860031E6FB /* HomeTopView.swift in Sources */,
				1893260B228C14E6000C7DA5 /* IntExt.swift in Sources */,
				18FE1A2E2287175700E84EC4 /* GTTabbar.swift in Sources */,
				184421722293CC3D0031E6FB /* NetworkLoggger.swift in Sources */,
				1844216D22929A700031E6FB /* NSObjectExt.swift in Sources */,
				18932609228C1462000C7DA5 /* AppThemeConfig.swift in Sources */,
				188208AC2276D331002C0C6A /* AppRootNode.swift in Sources */,
				1844216922924F470031E6FB /* HomeTopCell.swift in Sources */,
				18FE1A30228717DD00E84EC4 /* GTTabbarItem.swift in Sources */,
				18FE1A2C228716D600E84EC4 /* GTTabbarController.swift in Sources */,
				184421782293CD970031E6FB /* NetworkDecode.swift in Sources */,
				189325FE228BAEFF000C7DA5 /* HomeViewController.swift in Sources */,
				186C6435227689E900FF918D /* ViewController.swift in Sources */,
				1844215F228FFEB80031E6FB /* UICollectionViewExt.swift in Sources */,
				186C6433227689E900FF918D /* AppDelegate.swift in Sources */,
				18932604228BB6B6000C7DA5 /* UIColorExt.swift in Sources */,
				18442167229005BD0031E6FB /* GTDevice.swift in Sources */,
				18932606228BB72F000C7DA5 /* GTBase.swift in Sources */,
				186C64632276C8F400FF918D /* AppLifecycleMediator.swift in Sources */,
				1844217A2293CDCB0031E6FB /* NetWorkServerErrorFilter.swift in Sources */,
				18932600228BAF25000C7DA5 /* MineViewController.swift in Sources */,
			);
			runOnlyForDeploymentPostprocessing = 0;
		};
		186C643F227689EB00FF918D /* Sources */ = {
			isa = PBXSourcesBuildPhase;
			buildActionMask = 2147483647;
			files = (
				186C6448227689EB00FF918D /* pronhubTests.swift in Sources */,
			);
			runOnlyForDeploymentPostprocessing = 0;
		};
		186C644A227689EB00FF918D /* Sources */ = {
			isa = PBXSourcesBuildPhase;
			buildActionMask = 2147483647;
			files = (
				186C6453227689EB00FF918D /* pronhubUITests.swift in Sources */,
			);
			runOnlyForDeploymentPostprocessing = 0;
		};
/* End PBXSourcesBuildPhase section */

/* Begin PBXTargetDependency section */
		186C6445227689EB00FF918D /* PBXTargetDependency */ = {
			isa = PBXTargetDependency;
			target = 186C642E227689E900FF918D /* pronhub */;
			targetProxy = 186C6444227689EB00FF918D /* PBXContainerItemProxy */;
		};
		186C6450227689EB00FF918D /* PBXTargetDependency */ = {
			isa = PBXTargetDependency;
			target = 186C642E227689E900FF918D /* pronhub */;
			targetProxy = 186C644F227689EB00FF918D /* PBXContainerItemProxy */;
		};
/* End PBXTargetDependency section */

/* Begin XCBuildConfiguration section */
		186C6455227689EB00FF918D /* Debug */ = {
			isa = XCBuildConfiguration;
			buildSettings = {
				ALWAYS_SEARCH_USER_PATHS = NO;
				CLANG_ANALYZER_NONNULL = YES;
				CLANG_ANALYZER_NUMBER_OBJECT_CONVERSION = YES_AGGRESSIVE;
				CLANG_CXX_LANGUAGE_STANDARD = "gnu++14";
				CLANG_CXX_LIBRARY = "libc++";
				CLANG_ENABLE_MODULES = YES;
				CLANG_ENABLE_OBJC_ARC = YES;
				CLANG_ENABLE_OBJC_WEAK = YES;
				CLANG_WARN_BLOCK_CAPTURE_AUTORELEASING = YES;
				CLANG_WARN_BOOL_CONVERSION = YES;
				CLANG_WARN_COMMA = YES;
				CLANG_WARN_CONSTANT_CONVERSION = YES;
				CLANG_WARN_DEPRECATED_OBJC_IMPLEMENTATIONS = YES;
				CLANG_WARN_DIRECT_OBJC_ISA_USAGE = YES_ERROR;
				CLANG_WARN_DOCUMENTATION_COMMENTS = YES;
				CLANG_WARN_EMPTY_BODY = YES;
				CLANG_WARN_ENUM_CONVERSION = YES;
				CLANG_WARN_INFINITE_RECURSION = YES;
				CLANG_WARN_INT_CONVERSION = YES;
				CLANG_WARN_NON_LITERAL_NULL_CONVERSION = YES;
				CLANG_WARN_OBJC_IMPLICIT_RETAIN_SELF = YES;
				CLANG_WARN_OBJC_LITERAL_CONVERSION = YES;
				CLANG_WARN_OBJC_ROOT_CLASS = YES_ERROR;
				CLANG_WARN_RANGE_LOOP_ANALYSIS = YES;
				CLANG_WARN_STRICT_PROTOTYPES = YES;
				CLANG_WARN_SUSPICIOUS_MOVE = YES;
				CLANG_WARN_UNGUARDED_AVAILABILITY = YES_AGGRESSIVE;
				CLANG_WARN_UNREACHABLE_CODE = YES;
				CLANG_WARN__DUPLICATE_METHOD_MATCH = YES;
				CODE_SIGN_IDENTITY = "iPhone Developer";
				COPY_PHASE_STRIP = NO;
				DEBUG_INFORMATION_FORMAT = dwarf;
				ENABLE_STRICT_OBJC_MSGSEND = YES;
				ENABLE_TESTABILITY = YES;
				GCC_C_LANGUAGE_STANDARD = gnu11;
				GCC_DYNAMIC_NO_PIC = NO;
				GCC_NO_COMMON_BLOCKS = YES;
				GCC_OPTIMIZATION_LEVEL = 0;
				GCC_PREPROCESSOR_DEFINITIONS = (
					"DEBUG=1",
					"$(inherited)",
				);
				GCC_WARN_64_TO_32_BIT_CONVERSION = YES;
				GCC_WARN_ABOUT_RETURN_TYPE = YES_ERROR;
				GCC_WARN_UNDECLARED_SELECTOR = YES;
				GCC_WARN_UNINITIALIZED_AUTOS = YES_AGGRESSIVE;
				GCC_WARN_UNUSED_FUNCTION = YES;
				GCC_WARN_UNUSED_VARIABLE = YES;
				IPHONEOS_DEPLOYMENT_TARGET = 12.1;
				MTL_ENABLE_DEBUG_INFO = INCLUDE_SOURCE;
				MTL_FAST_MATH = YES;
				ONLY_ACTIVE_ARCH = YES;
				SDKROOT = iphoneos;
				SWIFT_ACTIVE_COMPILATION_CONDITIONS = DEBUG;
				SWIFT_OPTIMIZATION_LEVEL = "-Onone";
			};
			name = Debug;
		};
		186C6456227689EB00FF918D /* Release */ = {
			isa = XCBuildConfiguration;
			buildSettings = {
				ALWAYS_SEARCH_USER_PATHS = NO;
				CLANG_ANALYZER_NONNULL = YES;
				CLANG_ANALYZER_NUMBER_OBJECT_CONVERSION = YES_AGGRESSIVE;
				CLANG_CXX_LANGUAGE_STANDARD = "gnu++14";
				CLANG_CXX_LIBRARY = "libc++";
				CLANG_ENABLE_MODULES = YES;
				CLANG_ENABLE_OBJC_ARC = YES;
				CLANG_ENABLE_OBJC_WEAK = YES;
				CLANG_WARN_BLOCK_CAPTURE_AUTORELEASING = YES;
				CLANG_WARN_BOOL_CONVERSION = YES;
				CLANG_WARN_COMMA = YES;
				CLANG_WARN_CONSTANT_CONVERSION = YES;
				CLANG_WARN_DEPRECATED_OBJC_IMPLEMENTATIONS = YES;
				CLANG_WARN_DIRECT_OBJC_ISA_USAGE = YES_ERROR;
				CLANG_WARN_DOCUMENTATION_COMMENTS = YES;
				CLANG_WARN_EMPTY_BODY = YES;
				CLANG_WARN_ENUM_CONVERSION = YES;
				CLANG_WARN_INFINITE_RECURSION = YES;
				CLANG_WARN_INT_CONVERSION = YES;
				CLANG_WARN_NON_LITERAL_NULL_CONVERSION = YES;
				CLANG_WARN_OBJC_IMPLICIT_RETAIN_SELF = YES;
				CLANG_WARN_OBJC_LITERAL_CONVERSION = YES;
				CLANG_WARN_OBJC_ROOT_CLASS = YES_ERROR;
				CLANG_WARN_RANGE_LOOP_ANALYSIS = YES;
				CLANG_WARN_STRICT_PROTOTYPES = YES;
				CLANG_WARN_SUSPICIOUS_MOVE = YES;
				CLANG_WARN_UNGUARDED_AVAILABILITY = YES_AGGRESSIVE;
				CLANG_WARN_UNREACHABLE_CODE = YES;
				CLANG_WARN__DUPLICATE_METHOD_MATCH = YES;
				CODE_SIGN_IDENTITY = "iPhone Developer";
				COPY_PHASE_STRIP = NO;
				DEBUG_INFORMATION_FORMAT = "dwarf-with-dsym";
				ENABLE_NS_ASSERTIONS = NO;
				ENABLE_STRICT_OBJC_MSGSEND = YES;
				GCC_C_LANGUAGE_STANDARD = gnu11;
				GCC_NO_COMMON_BLOCKS = YES;
				GCC_WARN_64_TO_32_BIT_CONVERSION = YES;
				GCC_WARN_ABOUT_RETURN_TYPE = YES_ERROR;
				GCC_WARN_UNDECLARED_SELECTOR = YES;
				GCC_WARN_UNINITIALIZED_AUTOS = YES_AGGRESSIVE;
				GCC_WARN_UNUSED_FUNCTION = YES;
				GCC_WARN_UNUSED_VARIABLE = YES;
				IPHONEOS_DEPLOYMENT_TARGET = 12.1;
				MTL_ENABLE_DEBUG_INFO = NO;
				MTL_FAST_MATH = YES;
				SDKROOT = iphoneos;
				SWIFT_COMPILATION_MODE = wholemodule;
				SWIFT_OPTIMIZATION_LEVEL = "-O";
				VALIDATE_PRODUCT = YES;
			};
			name = Release;
		};
		186C6458227689EB00FF918D /* Debug */ = {
			isa = XCBuildConfiguration;
			baseConfigurationReference = 11F7F56205D2A2208E01A426 /* Pods-pronhub.debug.xcconfig */;
			buildSettings = {
				ASSETCATALOG_COMPILER_APPICON_NAME = AppIcon;
				ASSETCATALOG_COMPILER_LAUNCHIMAGE_NAME = LaunchImage;
				CODE_SIGN_STYLE = Automatic;
				DEVELOPMENT_TEAM = SWM5MN65PP;
				INFOPLIST_FILE = pronhub/Info.plist;
				IPHONEOS_DEPLOYMENT_TARGET = 11.0;
				LD_RUNPATH_SEARCH_PATHS = (
					"$(inherited)",
					"@executable_path/Frameworks",
				);
				PRODUCT_BUNDLE_IDENTIFIER = com.laofeng.iostips;
				PRODUCT_NAME = "$(TARGET_NAME)";
				SWIFT_VERSION = 4.2;
				TARGETED_DEVICE_FAMILY = 1;
			};
			name = Debug;
		};
		186C6459227689EB00FF918D /* Release */ = {
			isa = XCBuildConfiguration;
			baseConfigurationReference = 9E3A01C28534067A77CC360C /* Pods-pronhub.release.xcconfig */;
			buildSettings = {
				ASSETCATALOG_COMPILER_APPICON_NAME = AppIcon;
				ASSETCATALOG_COMPILER_LAUNCHIMAGE_NAME = LaunchImage;
				CODE_SIGN_STYLE = Automatic;
				DEVELOPMENT_TEAM = SWM5MN65PP;
				INFOPLIST_FILE = pronhub/Info.plist;
				IPHONEOS_DEPLOYMENT_TARGET = 11.0;
				LD_RUNPATH_SEARCH_PATHS = (
					"$(inherited)",
					"@executable_path/Frameworks",
				);
				PRODUCT_BUNDLE_IDENTIFIER = com.laofeng.iostips;
				PRODUCT_NAME = "$(TARGET_NAME)";
				SWIFT_VERSION = 4.2;
				TARGETED_DEVICE_FAMILY = 1;
			};
			name = Release;
		};
		186C645B227689EB00FF918D /* Debug */ = {
			isa = XCBuildConfiguration;
			buildSettings = {
				ALWAYS_EMBED_SWIFT_STANDARD_LIBRARIES = YES;
				BUNDLE_LOADER = "$(TEST_HOST)";
				CODE_SIGN_STYLE = Automatic;
				DEVELOPMENT_TEAM = 4485E97UUA;
				INFOPLIST_FILE = pronhubTests/Info.plist;
				LD_RUNPATH_SEARCH_PATHS = (
					"$(inherited)",
					"@executable_path/Frameworks",
					"@loader_path/Frameworks",
				);
				PRODUCT_BUNDLE_IDENTIFIER = com.laofeng.iostips.pronhubTests;
				PRODUCT_NAME = "$(TARGET_NAME)";
				SWIFT_VERSION = 4.2;
				TARGETED_DEVICE_FAMILY = "1,2";
				TEST_HOST = "$(BUILT_PRODUCTS_DIR)/pronhub.app/pronhub";
			};
			name = Debug;
		};
		186C645C227689EB00FF918D /* Release */ = {
			isa = XCBuildConfiguration;
			buildSettings = {
				ALWAYS_EMBED_SWIFT_STANDARD_LIBRARIES = YES;
				BUNDLE_LOADER = "$(TEST_HOST)";
				CODE_SIGN_STYLE = Automatic;
				DEVELOPMENT_TEAM = 4485E97UUA;
				INFOPLIST_FILE = pronhubTests/Info.plist;
				LD_RUNPATH_SEARCH_PATHS = (
					"$(inherited)",
					"@executable_path/Frameworks",
					"@loader_path/Frameworks",
				);
				PRODUCT_BUNDLE_IDENTIFIER = com.laofeng.iostips.pronhubTests;
				PRODUCT_NAME = "$(TARGET_NAME)";
				SWIFT_VERSION = 4.2;
				TARGETED_DEVICE_FAMILY = "1,2";
				TEST_HOST = "$(BUILT_PRODUCTS_DIR)/pronhub.app/pronhub";
			};
			name = Release;
		};
		186C645E227689EB00FF918D /* Debug */ = {
			isa = XCBuildConfiguration;
			buildSettings = {
				ALWAYS_EMBED_SWIFT_STANDARD_LIBRARIES = YES;
				CODE_SIGN_STYLE = Automatic;
				DEVELOPMENT_TEAM = 4485E97UUA;
				INFOPLIST_FILE = pronhubUITests/Info.plist;
				LD_RUNPATH_SEARCH_PATHS = (
					"$(inherited)",
					"@executable_path/Frameworks",
					"@loader_path/Frameworks",
				);
				PRODUCT_BUNDLE_IDENTIFIER = com.laofeng.iostips.pronhubUITests;
				PRODUCT_NAME = "$(TARGET_NAME)";
				SWIFT_VERSION = 4.2;
				TARGETED_DEVICE_FAMILY = "1,2";
				TEST_TARGET_NAME = pronhub;
			};
			name = Debug;
		};
		186C645F227689EB00FF918D /* Release */ = {
			isa = XCBuildConfiguration;
			buildSettings = {
				ALWAYS_EMBED_SWIFT_STANDARD_LIBRARIES = YES;
				CODE_SIGN_STYLE = Automatic;
				DEVELOPMENT_TEAM = 4485E97UUA;
				INFOPLIST_FILE = pronhubUITests/Info.plist;
				LD_RUNPATH_SEARCH_PATHS = (
					"$(inherited)",
					"@executable_path/Frameworks",
					"@loader_path/Frameworks",
				);
				PRODUCT_BUNDLE_IDENTIFIER = com.laofeng.iostips.pronhubUITests;
				PRODUCT_NAME = "$(TARGET_NAME)";
				SWIFT_VERSION = 4.2;
				TARGETED_DEVICE_FAMILY = "1,2";
				TEST_TARGET_NAME = pronhub;
			};
			name = Release;
		};
/* End XCBuildConfiguration section */

/* Begin XCConfigurationList section */
		186C642A227689E900FF918D /* Build configuration list for PBXProject "pronhub" */ = {
			isa = XCConfigurationList;
			buildConfigurations = (
				186C6455227689EB00FF918D /* Debug */,
				186C6456227689EB00FF918D /* Release */,
			);
			defaultConfigurationIsVisible = 0;
			defaultConfigurationName = Release;
		};
		186C6457227689EB00FF918D /* Build configuration list for PBXNativeTarget "pronhub" */ = {
			isa = XCConfigurationList;
			buildConfigurations = (
				186C6458227689EB00FF918D /* Debug */,
				186C6459227689EB00FF918D /* Release */,
			);
			defaultConfigurationIsVisible = 0;
			defaultConfigurationName = Release;
		};
		186C645A227689EB00FF918D /* Build configuration list for PBXNativeTarget "pronhubTests" */ = {
			isa = XCConfigurationList;
			buildConfigurations = (
				186C645B227689EB00FF918D /* Debug */,
				186C645C227689EB00FF918D /* Release */,
			);
			defaultConfigurationIsVisible = 0;
			defaultConfigurationName = Release;
		};
		186C645D227689EB00FF918D /* Build configuration list for PBXNativeTarget "pronhubUITests" */ = {
			isa = XCConfigurationList;
			buildConfigurations = (
				186C645E227689EB00FF918D /* Debug */,
				186C645F227689EB00FF918D /* Release */,
			);
			defaultConfigurationIsVisible = 0;
			defaultConfigurationName = Release;
		};
/* End XCConfigurationList section */
	};
	rootObject = 186C6427227689E900FF918D /* Project object */;
}
